
Microsoft Visual Studio Solution File, Format Version 12.00
# Visual Studio Version 17
VisualStudioVersion = 17.11.35312.102
MinimumVisualStudioVersion = 10.0.40219.1
Project("{FAE04EC0-301F-11D3-BF4B-00C04F79EFBC}") = "SaicaSplus", "SaicaSplus\SaicaSplus.csproj", "{CCD81F20-B2E3-4EFC-90DB-FA81348E50D2}"
EndProject
Global
	GlobalSection(SolutionConfigurationPlatforms) = preSolution
		Debug|Any CPU = Debug|Any CPU
		Release|Any CPU = Release|Any CPU
	EndGlobalSection
	GlobalSection(ProjectConfigurationPlatforms) = postSolution
		{CCD81F20-B2E3-4EFC-90DB-FA81348E50D2}.Debug|Any CPU.ActiveCfg = Debug|Any CPU
		{CCD81F20-B2E3-4EFC-90DB-FA81348E50D2}.Debug|Any CPU.Build.0 = Debug|Any CPU
		{CCD81F20-B2E3-4EFC-90DB-FA81348E50D2}.Release|Any CPU.ActiveCfg = Release|Any CPU
		{CCD81F20-B2E3-4EFC-90DB-FA81348E50D2}.Release|Any CPU.Build.0 = Release|Any CPU
	EndGlobalSection
	GlobalSection(SolutionProperties) = preSolution
		HideSolutionNode = FALSE
	EndGlobalSection
	GlobalSection(ExtensibilityGlobals) = postSolution
		SolutionGuid = {A1F97A7F-4275-487F-913F-E606CB793742}
	EndGlobalSection
EndGlobal
